{
    "format_version": "1.2",
    "terraform_version": "1.5.6",
    "variables": {
        "bucket_name": {
            "value": "example-bucket"
        },

        
        "instance_name": {
            "value": "example-instance"
        },
        "instance_type": {
            "value": "n1-standard-1"
        }
    },
    "planned_values": {
        "root_module": {
            "resources": [
                {
                    "address": "google_compute_instance.example_instance",
                    "mode": "managed",
                    "type": "google_compute_instance",
                    "name": "example_instance",
                    "provider_name": "registry.terraform.io/hashicorp/google",
                    "schema_version": 6,
                    "values": {
                        "advanced_machine_features": [],
                        "allow_stopping_for_update": null,
                        "attached_disk": [],
                        "boot_disk": [
                            {
                                "auto_delete": true,
                                "disk_encryption_key_raw": null,
                                "initialize_params": [
                                    {
                                        "image": "debian-cloud/debian-9",
                                        "resource_manager_tags": null
                                    }
                                ],
                                "mode": "READ_WRITE"
                            }
                        ],
                        "can_ip_forward": false,
                        "deletion_protection": false,
                        "description": null,
                        "desired_status": null,
                        "enable_display": null,
                        "hostname": null,
                        "labels": null,
                        "machine_type": "n1-standard-1",
                        "metadata": null,
                        "metadata_startup_script": null,
                        "name": "example-instance",
                        "network_interface": [
                            {
                                "access_config": [],
                                "alias_ip_range": [],
                                "ipv6_access_config": [],
                                "network": "default",
                                "nic_type": null,
                                "queue_count": null
                            }
                        ],
                        "network_performance_config": [],
                        "params": [],
                        "resource_policies": null,
                        "scratch_disk": [],
                        "service_account": [],
                        "shielded_instance_config": [],
                        "tags": null,
                        "timeouts": null
                    },
                    "sensitive_values": {
                        "advanced_machine_features": [],
                        "attached_disk": [],
                        "boot_disk": [
                            {
                                "initialize_params": [
                                    {
                                        "labels": {}
                                    }
                                ]
                            }
                        ],
                        "confidential_instance_config": [],
                        "guest_accelerator": [],
                        "network_interface": [
                            {
                                "access_config": [],
                                "alias_ip_range": [],
                                "ipv6_access_config": []
                            }
                        ],
                        "network_performance_config": [],
                        "params": [],
                        "reservation_affinity": [],
                        "scheduling": [],
                        "scratch_disk": [],
                        "service_account": [],
                        "shielded_instance_config": []
                    }
                },
                {
                    "address": "google_storage_bucket.example_bucket",
                    "mode": "managed",
                    "type": "google_storage_bucket",
                    "name": "example_bucket",
                    "provider_name": "registry.terraform.io/hashicorp/google",
                    "schema_version": 0,
                    "values": {
                        "autoclass": [],
                        "cors": [],
                        "custom_placement_config": [],
                        "default_event_based_hold": null,
                        "encryption": [],
                        "force_destroy": false,
                        "lifecycle_rule": [],
                        "location": "US-CENTRAL1",
                        "logging": [],
                        "name": "example-bucket",
                        "requester_pays": null,
                        "retention_policy": [],
                        "storage_class": "STANDARD",
                        "timeouts": null
                    },
                    "sensitive_values": {
                        "autoclass": [],
                        "cors": [],
                        "custom_placement_config": [],
                        "encryption": [],
                        "labels": {},
                        "lifecycle_rule": [],
                        "logging": [],
                        "retention_policy": [],
                        "versioning": [],
                        "website": []
                    }
                }
            ]
        }
    },
    "resource_changes": [
        {
            "address": "google_compute_instance.example_instance",
            "mode": "managed",
            "type": "google_compute_instance",
            "name": "example_instance",
            "provider_name": "registry.terraform.io/hashicorp/google",
            "change": {
                "actions": [
                    "create"
                ],
                "before": null,
                "after": {
                    "advanced_machine_features": [],
                    "allow_stopping_for_update": null,
                    "attached_disk": [],
                    "boot_disk": [
                        {
                            "auto_delete": true,
                            "disk_encryption_key_raw": null,
                            "initialize_params": [
                                {
                                    "image": "debian-cloud/debian-9",
                                    "resource_manager_tags": null
                                }
                            ],
                            "mode": "READ_WRITE"
                        }
                    ],
                    "can_ip_forward": false,
                    "deletion_protection": false,
                    "description": null,
                    "desired_status": null,
                    "enable_display": null,
                    "hostname": null,
                    "labels": null,
                    "machine_type": "n1-standard-1",
                    "metadata": null,
                    "metadata_startup_script": null,
                    "name": "example-instance",
                    "network_interface": [
                        {
                            "access_config": [],
                            "alias_ip_range": [],
                            "ipv6_access_config": [],
                            "network": "default",
                            "nic_type": null,
                            "queue_count": null
                        }
                    ],
                    "network_performance_config": [],
                    "params": [],
                    "resource_policies": null,
                    "scratch_disk": [],
                    "service_account": [],
                    "shielded_instance_config": [],
                    "tags": null,
                    "timeouts": null
                },
                "after_unknown": {
                    "advanced_machine_features": [],
                    "attached_disk": [],
                    "boot_disk": [
                        {
                            "device_name": true,
                            "disk_encryption_key_sha256": true,
                            "initialize_params": [
                                {
                                    "labels": true,
                                    "size": true,
                                    "type": true
                                }
                            ],
                            "kms_key_self_link": true,
                            "source": true
                        }
                    ],
                    "confidential_instance_config": true,
                    "cpu_platform": true,
                    "current_status": true,
                    "guest_accelerator": true,
                    "id": true,
                    "instance_id": true,
                    "label_fingerprint": true,
                    "metadata_fingerprint": true,
                    "min_cpu_platform": true,
                    "network_interface": [
                        {
                            "access_config": [],
                            "alias_ip_range": [],
                            "ipv6_access_config": [],
                            "ipv6_access_type": true,
                            "name": true,
                            "network_ip": true,
                            "stack_type": true,
                            "subnetwork": true,
                            "subnetwork_project": true
                        }
                    ],
                    "network_performance_config": [],
                    "params": [],
                    "project": true,
                    "reservation_affinity": true,
                    "scheduling": true,
                    "scratch_disk": [],
                    "self_link": true,
                    "service_account": [],
                    "shielded_instance_config": [],
                    "tags_fingerprint": true,
                    "zone": true
                },
                "before_sensitive": false,
                "after_sensitive": {
                    "advanced_machine_features": [],
                    "attached_disk": [],
                    "boot_disk": [
                        {
                            "disk_encryption_key_raw": true,
                            "initialize_params": [
                                {
                                    "labels": {}
                                }
                            ]
                        }
                    ],
                    "confidential_instance_config": [],
                    "guest_accelerator": [],
                    "network_interface": [
                        {
                            "access_config": [],
                            "alias_ip_range": [],
                            "ipv6_access_config": []
                        }
                    ],
                    "network_performance_config": [],
                    "params": [],
                    "reservation_affinity": [],
                    "scheduling": [],
                    "scratch_disk": [],
                    "service_account": [],
                    "shielded_instance_config": []
                }
            }
        },
        {
            "address": "google_storage_bucket.example_bucket",
            "mode": "managed",
            "type": "google_storage_bucket",
            "name": "example_bucket",
            "provider_name": "registry.terraform.io/hashicorp/google",
            "change": {
                "actions": [
                    "create"
                ],
                "before": null,
                "after": {
                    "autoclass": [],
                    "cors": [],
                    "custom_placement_config": [],
                    "default_event_based_hold": null,
                    "encryption": [],
                    "force_destroy": false,
                    "lifecycle_rule": [],
                    "location": "US-CENTRAL1",
                    "logging": [],
                    "name": "example-bucket",
                    "requester_pays": null,
                    "retention_policy": [],
                    "storage_class": "STANDARD",
                    "timeouts": null
                },
                "after_unknown": {
                    "autoclass": [],
                    "cors": [],
                    "custom_placement_config": [],
                    "encryption": [],
                    "id": true,
                    "labels": true,
                    "lifecycle_rule": [],
                    "logging": [],
                    "project": true,
                    "public_access_prevention": true,
                    "retention_policy": [],
                    "self_link": true,
                    "uniform_bucket_level_access": true,
                    "url": true,
                    "versioning": true,
                    "website": true
                },
                "before_sensitive": false,
                "after_sensitive": {
                    "autoclass": [],
                    "cors": [],
                    "custom_placement_config": [],
                    "encryption": [],
                    "labels": {},
                    "lifecycle_rule": [],
                    "logging": [],
                    "retention_policy": [],
                    "versioning": [],
                    "website": []
                }
            }
        }
    ],
    "configuration": {
        "provider_config": {
            "google": {
                "name": "google",
                "full_name": "registry.terraform.io/hashicorp/google",
                "expressions": {
                    "credentials": {},
                    "project": {
                        "constant_value": "qwiklabs-gcp-01-5bdb636b2e71"
                    },
                    "region": {
                        "constant_value": "us-central-1"
                    },
                    "zone": {
                        "constant_value": "us-central1-c"
                    }
                }
            }
        },
        "root_module": {
            "resources": [
                {
                    "address": "google_compute_instance.example_instance",
                    "mode": "managed",
                    "type": "google_compute_instance",
                    "name": "example_instance",
                    "provider_config_key": "google",
                    "expressions": {
                        "boot_disk": [
                            {
                                "initialize_params": [
                                    {
                                        "image": {
                                            "constant_value": "debian-cloud/debian-9"
                                        }
                                    }
                                ]
                            }
                        ],
                        "machine_type": {
                            "references": [
                                "var.instance_type"
                            ]
                        },
                        "name": {
                            "references": [
                                "var.instance_name"
                            ]
                        },
                        "network_interface": [
                            {
                                "network": {
                                    "constant_value": "default"
                                }
                            }
                        ]
                    },
                    "schema_version": 6
                },
                {
                    "address": "google_storage_bucket.example_bucket",
                    "mode": "managed",
                    "type": "google_storage_bucket",
                    "name": "example_bucket",
                    "provider_config_key": "google",
                    "expressions": {
                        "location": {
                            "constant_value": "us-central1"
                        },
                        "name": {
                            "references": [
                                "var.bucket_name"
                            ]
                        }
                    },
                    "schema_version": 0
                }
            ],
            "variables": {
                "bucket_name": {
                    "default": "example-bucket",
                    "description": "Name of the bucket"
                },
                "instance_name": {
                    "default": "example-instance",
                    "description": "Name of the instance"
                },
                "instance_type": {
                    "default": "n1-standard-1",
                    "description": "Instance type"
                }
            }
        }
    },
    "timestamp": "2023-08-30T07:59:45Z"
}
